// !$*UTF8*$!
{
	archiveVersion = 1;
	classes = {
	};
	objectVersion = 77;
	objects = {

/* Begin PBXBuildFile section */
		02DE5B6524D4DE05DE8388D7 /* AuthStore.swift in Sources */ = {isa = PBXBuildFile; fileRef = 462D74F78FB3BA5412FBA310 /* AuthStore.swift */; };
		02E962C79EEC96E855EC73CC /* LinuxFileManagerView.swift in Sources */ = {isa = PBXBuildFile; fileRef = 4AD72824E92CD9877EA325A9 /* LinuxFileManagerView.swift */; };
		0354E351951878DD8871743B /* AgentSelectorSheet.swift in Sources */ = {isa = PBXBuildFile; fileRef = B5829CC82D2B6FA79AD82859 /* AgentSelectorSheet.swift */; };
		047BB743F468A3DAC3B5D2F6 /* AVKit.framework in Frameworks */ = {isa = PBXBuildFile; fileRef = 42E55F57230A83FE776F58B0 /* AVKit.framework */; };
		07B8E8DBBBBABE19E4267626 /* LilithMotionModifier.swift in Sources */ = {isa = PBXBuildFile; fileRef = 3E61C289FD9628526252F801 /* LilithMotionModifier.swift */; };
		0991115BA6310D0136E16323 /* LilithView.swift in Sources */ = {isa = PBXBuildFile; fileRef = 3227AE9FE475C0284F5D5713 /* LilithView.swift */; };
		104BC3B3A4E4D702B3A04DF5 /* ProjectsView.swift in Sources */ = {isa = PBXBuildFile; fileRef = 459AB97C30B1F3602F03C09B /* ProjectsView.swift */; };
		10751F5DA3F99E7D68E0D75B /* LilithAdvancedScheduler.swift in Sources */ = {isa = PBXBuildFile; fileRef = F7D9022F567C80F1093BB689 /* LilithAdvancedScheduler.swift */; };
		11ABC91BD5D2DD95F7CEA074 /* LTEVoIPDialerView.swift in Sources */ = {isa = PBXBuildFile; fileRef = 62C5620573B7B038A31DEA00 /* LTEVoIPDialerView.swift */; };
		1872E313D829F6D372533B93 /* IDEView.swift in Sources */ = {isa = PBXBuildFile; fileRef = 46D3A83CD9CE46E41AFFDD6F /* IDEView.swift */; };
		1BB4BCA44A7D7280ACF9E1E5 /* LilithVectorMemory.swift in Sources */ = {isa = PBXBuildFile; fileRef = AFEAD9929DA29ECB395EED0F /* LilithVectorMemory.swift */; };
		1BE6B4717CC658A063B587C9 /* VideoView.swift in Sources */ = {isa = PBXBuildFile; fileRef = E19BE6E365D96220BA152980 /* VideoView.swift */; };
		23EC82C26D7EBB2C54C6C66A /* LilithRealtimeEngine.swift in Sources */ = {isa = PBXBuildFile; fileRef = 85091030AF3041024ECBAA7C /* LilithRealtimeEngine.swift */; };
		240124232DE66F425FEDEAE7 /* MediaViewModel.swift in Sources */ = {isa = PBXBuildFile; fileRef = C53D40E0C481AA050769E157 /* MediaViewModel.swift */; };
		2612CBD6B14861B1777C00BF /* ProjectModels.swift in Sources */ = {isa = PBXBuildFile; fileRef = EF63151A3BBF8F11E859966C /* ProjectModels.swift */; };
		298917CD6D9EDC0CDE59E00C /* PhotosUI.framework in Frameworks */ = {isa = PBXBuildFile; fileRef = C11FFC8F83E8ADD11D9901DF /* PhotosUI.framework */; };
		2BAED226B738A30F85A7F6A3 /* APIClient.swift in Sources */ = {isa = PBXBuildFile; fileRef = 3A38B69FBF954BA2BA4A11A1 /* APIClient.swift */; };
		31AF5198E2113B863CF2226E /* SubscriptionSheet.swift in Sources */ = {isa = PBXBuildFile; fileRef = 7EA2C9717B280930ADD26CEE /* SubscriptionSheet.swift */; };
		3251C02CAECC60DA020D66C6 /* LandingView.swift in Sources */ = {isa = PBXBuildFile; fileRef = 984F1BD11098A67E7A49D356 /* LandingView.swift */; };
		3A8648EF113567CCCC1B4FEA /* LilithStateManager.swift in Sources */ = {isa = PBXBuildFile; fileRef = F040D0DF1B20BAE9C304BCF8 /* LilithStateManager.swift */; };
		3FEEFBBE0135F4725E97360F /* AccountViewModel.swift in Sources */ = {isa = PBXBuildFile; fileRef = 26076785D390A61352116E01 /* AccountViewModel.swift */; };
		438B772C1855599E06FD3F82 /* ChatModels.swift in Sources */ = {isa = PBXBuildFile; fileRef = 2DDA48D6E38BB905DA6E6B65 /* ChatModels.swift */; };
		48AC92783BEBDA30D900394A /* GlassCard.swift in Sources */ = {isa = PBXBuildFile; fileRef = EBD28B651BDD56093CBB67B6 /* GlassCard.swift */; };
		4C12FB8DAF91F4F4128CEC28 /* CallView.swift in Sources */ = {isa = PBXBuildFile; fileRef = 829730AA5D55F28EB026457A /* CallView.swift */; };
		4DA7B25678B346A01D030F82 /* ProjectsViewModel.swift in Sources */ = {isa = PBXBuildFile; fileRef = BAA68C7F9999BC1FAFBA9B43 /* ProjectsViewModel.swift */; };
		4E2DD4E9D08FDFD2DBBAD9B8 /* ChatViewModel.swift in Sources */ = {isa = PBXBuildFile; fileRef = 46AD6925FC8A32CD6F5F65FE /* ChatViewModel.swift */; };
		563FC92C6BE1777035F3E141 /* KeyboardObserver.swift in Sources */ = {isa = PBXBuildFile; fileRef = 878F15670040630DCB1154F8 /* KeyboardObserver.swift */; };
		58BEEFCDBB057F1C2C9FD898 /* ServerSettingsView.swift in Sources */ = {isa = PBXBuildFile; fileRef = 6E86C72B6345CAE6A376669C /* ServerSettingsView.swift */; };
		59A9B1438EF25CD89129529B /* WebRTCManager.swift in Sources */ = {isa = PBXBuildFile; fileRef = D39BC34D9238BEC686748DBB /* WebRTCManager.swift */; };
		5AE96BB81EE3082E51504260 /* LilithDayPlanner.swift in Sources */ = {isa = PBXBuildFile; fileRef = FFE163612816EE668257D3A7 /* LilithDayPlanner.swift */; };
		5C24C6128B02E0D498FE421A /* AuthModels.swift in Sources */ = {isa = PBXBuildFile; fileRef = 604A9EFB8AA6C07E52A9DA75 /* AuthModels.swift */; };
		5DB4F3CA3EA4CB5BCF162B69 /* LoginView.swift in Sources */ = {isa = PBXBuildFile; fileRef = 52F067716EBCF83EC24B0FD4 /* LoginView.swift */; };
		5EE9B0EE7729B88E8BB48119 /* LinuxTerminalView.swift in Sources */ = {isa = PBXBuildFile; fileRef = 364166AB485BE473C8CA8AAD /* LinuxTerminalView.swift */; };
		6C94A8EC41162708E218ED07 /* LinuxModels.swift in Sources */ = {isa = PBXBuildFile; fileRef = EFCC34747428102BE5EEE570 /* LinuxModels.swift */; };
		721ECCF2A751F159B56F60C7 /* LinuxSystemMonitorView.swift in Sources */ = {isa = PBXBuildFile; fileRef = D40D972BB3B073B94BB2A7CC /* LinuxSystemMonitorView.swift */; };
		7291A6B0E6AB2A92157CD198 /* Lilith.swift in Sources */ = {isa = PBXBuildFile; fileRef = 824CDF5E9147DF68F8DE0316 /* Lilith.swift */; };
		730401A2C59C56C76F9DBF0F /* LilithAudioManager.swift in Sources */ = {isa = PBXBuildFile; fileRef = E3FD869C5471E1986C576B31 /* LilithAudioManager.swift */; };
		743B3FB18854E44F8B76CD26 /* Assets.xcassets in Resources */ = {isa = PBXBuildFile; fileRef = 1A2B6E75636C5007FBDB2045 /* Assets.xcassets */; };
		74CF4DBC4BD0289651571783 /* SessionStorage.swift in Sources */ = {isa = PBXBuildFile; fileRef = A09856996199E5FAFE874E5A /* SessionStorage.swift */; };
		77BF58CF0EFCF6741464588F /* RegisterView.swift in Sources */ = {isa = PBXBuildFile; fileRef = CB9C53423141F6C67754D875 /* RegisterView.swift */; };
		7B118BD38A3024672A69BD42 /* LilithBluetoothMesh.swift in Sources */ = {isa = PBXBuildFile; fileRef = 4DCD9682BF3671D9BA471D0C /* LilithBluetoothMesh.swift */; };
		8345482F788AFC9D91356761 /* ImageGenView.swift in Sources */ = {isa = PBXBuildFile; fileRef = F0BBE71395077A5E6D77A0C3 /* ImageGenView.swift */; };
		8438D20BF3A4609A9F064D96 /* HistoryViewModel.swift in Sources */ = {isa = PBXBuildFile; fileRef = F8D9637E9D94CA8351B59F8F /* HistoryViewModel.swift */; };
		869284E61F5CB66AA33C8827 /* CloneView.swift in Sources */ = {isa = PBXBuildFile; fileRef = 5E58F306D66FC08D2F513508 /* CloneView.swift */; };
		87E82A13DAECD86CD8877CF6 /* VideoViewModel.swift in Sources */ = {isa = PBXBuildFile; fileRef = 31FC1FE14D0B8685CBB8CC67 /* VideoViewModel.swift */; };
		89482F9436BD5DE13F50A95B /* WorkspaceModels.swift in Sources */ = {isa = PBXBuildFile; fileRef = 6F4453865DC0D755FF5FA7C4 /* WorkspaceModels.swift */; };
		8B1A991A981A06F62C753922 /* LilithRootSystem.swift in Sources */ = {isa = PBXBuildFile; fileRef = A58D675DC5C9791B1D3D00BD /* LilithRootSystem.swift */; };
		8B40D903F9CCE9DE4423ED06 /* LilithVoiceAssistantService.swift in Sources */ = {isa = PBXBuildFile; fileRef = 30D18D83A3AC202417DDC99F /* LilithVoiceAssistantService.swift */; };
		8B730371088996811BBB0F4F /* LilithAnimatedView.swift in Sources */ = {isa = PBXBuildFile; fileRef = DDC8682424EBECF9E86B6E20 /* LilithAnimatedView.swift */; };
		8D7B4617B306539A1674F121 /* LilithSpeechManager.swift in Sources */ = {isa = PBXBuildFile; fileRef = ADEA2671155103173FDC6FDC /* LilithSpeechManager.swift */; };
		90F17D8D8718919CF249DD97 /* LilithTheme.swift in Sources */ = {isa = PBXBuildFile; fileRef = 036DB5BEB273127B38D6318D /* LilithTheme.swift */; };
		919C9DA9932DCAEF66139FE1 /* WebRTCVideoView.swift in Sources */ = {isa = PBXBuildFile; fileRef = 837DE62440A433135D61DFE3 /* WebRTCVideoView.swift */; };
		983E3D87E55ECF560EE7154E /* LilithAutonomousEngine.swift in Sources */ = {isa = PBXBuildFile; fileRef = CAA52C0417B6BE8A548662D8 /* LilithAutonomousEngine.swift */; };
		9845B9671F3D5D09490CE7F1 /* LTEModels.swift in Sources */ = {isa = PBXBuildFile; fileRef = 1FD36839430E22158F9DA9F5 /* LTEModels.swift */; };
		99819882CC94F01A9BF0F3E9 /* WebKit.framework in Frameworks */ = {isa = PBXBuildFile; fileRef = A03919BB021827B54148A07E /* WebKit.framework */; };
		9CE29C494762F6F3B5810E73 /* ServerManager.swift in Sources */ = {isa = PBXBuildFile; fileRef = 7D6D5773829BBBEC51817EA5 /* ServerManager.swift */; };
		9CE46B5164779AF4211633E9 /* LilithActionManager.swift in Sources */ = {isa = PBXBuildFile; fileRef = 190B76AF2091E232E223F280 /* LilithActionManager.swift */; };
		9F0AAD2487D1AF7D107FA3C0 /* LilithSystem.swift in Sources */ = {isa = PBXBuildFile; fileRef = 0C6D1E2D936E4B2CFC1901D2 /* LilithSystem.swift */; };
		A291C5390DB6276375B1F732 /* ChatView.swift in Sources */ = {isa = PBXBuildFile; fileRef = D11E482D3F6BB0EDB3C7AE11 /* ChatView.swift */; };
		A6E95620D4ED130648BCA00C /* WorkspaceShellView.swift in Sources */ = {isa = PBXBuildFile; fileRef = EA9F3AC1EB87B3B0DB4D468F /* WorkspaceShellView.swift */; };
		ADF35A72502D1B08934D0FDA /* ContentView.swift in Sources */ = {isa = PBXBuildFile; fileRef = 34926D144830636645ADE35C /* ContentView.swift */; };
		B298BDFC35F3B8B6B9D8DFB0 /* LilithPersonalityEngine.swift in Sources */ = {isa = PBXBuildFile; fileRef = 58ABAC27F2A2806D422B1D68 /* LilithPersonalityEngine.swift */; };
		B7E07A98EBE54F9B51BC916B /* IDEViewModel.swift in Sources */ = {isa = PBXBuildFile; fileRef = DA7B23C135C8354C56830E5D /* IDEViewModel.swift */; };
		BDF4D223E73CEB3709055B61 /* LilithRealtimeVoidView.swift in Sources */ = {isa = PBXBuildFile; fileRef = DEBAE311E7CE230AD17C3B90 /* LilithRealtimeVoidView.swift */; };
		C41E93E94955019E1F9E43B4 /* CloneViewModel.swift in Sources */ = {isa = PBXBuildFile; fileRef = 0B93B07496A6789F6BCB9E11 /* CloneViewModel.swift */; };
		CC73E3AE5F7DC84704F5B4AC /* LilithMainBodyCinematic.swift in Sources */ = {isa = PBXBuildFile; fileRef = AFC2840B7DDE24339E3EE2C2 /* LilithMainBodyCinematic.swift */; };
		D0F01368B174F7B024CECB97 /* CombinedChatIDEView.swift in Sources */ = {isa = PBXBuildFile; fileRef = C86116F01F65A3D61987615F /* CombinedChatIDEView.swift */; };
		D3E17C77C27C63335D302E7C /* PrimaryButtonStyle.swift in Sources */ = {isa = PBXBuildFile; fileRef = 03972D716694BD7712CB3BB4 /* PrimaryButtonStyle.swift */; };
		D9F9A24523446BDC97DB014F /* RootView.swift in Sources */ = {isa = PBXBuildFile; fileRef = 3FE192054D2E496061EB8ACE /* RootView.swift */; };
		DE8F53D6E0FEF5E73A49AF9C /* LTENetworkView.swift in Sources */ = {isa = PBXBuildFile; fileRef = 7EBD2D47DFC9314BFD1D7F83 /* LTENetworkView.swift */; };
		DF464DE6FDA839EA9BFC9097 /* LilithAutonomousGPT.swift in Sources */ = {isa = PBXBuildFile; fileRef = 5E9C9B69E7C01610002ED4F0 /* LilithAutonomousGPT.swift */; };
		E015B35A8C7B91CE6842E7CC /* LinuxAddMachineView.swift in Sources */ = {isa = PBXBuildFile; fileRef = D47E4DC0E4D5E67F8EBDD446 /* LinuxAddMachineView.swift */; };
		E322EDD957BABAF4A4E4E48C /* AccountView.swift in Sources */ = {isa = PBXBuildFile; fileRef = A7F7BFAF40173F6CA1D80B7D /* AccountView.swift */; };
		E34EF158266A50273E19FFC8 /* LilithWorkflowEngine.swift in Sources */ = {isa = PBXBuildFile; fileRef = 03D627940428CBD32062D178 /* LilithWorkflowEngine.swift */; };
		EC623CDBFFCD43BA05FA9B8B /* LilithVoiceConsoleView.swift in Sources */ = {isa = PBXBuildFile; fileRef = 9FAB8F2A5DD3B7C872CDB9A6 /* LilithVoiceConsoleView.swift */; };
		EF40C1BA6E8A300335AA76AE /* MediaView.swift in Sources */ = {isa = PBXBuildFile; fileRef = 1CA7A5B59138D51EBBFDCD1A /* MediaView.swift */; };
		F3B7F778060245EDDA711929 /* LilithScheduler.swift in Sources */ = {isa = PBXBuildFile; fileRef = EEFC588D218E55654055E9DC /* LilithScheduler.swift */; };
		F4D1C543EF11E40E906151A4 /* CallManager.swift in Sources */ = {isa = PBXBuildFile; fileRef = F39C526501CE43F64D249DC5 /* CallManager.swift */; };
		F95516F35805D02207353389 /* LilithCinematicOSView.swift in Sources */ = {isa = PBXBuildFile; fileRef = B40FA3D1D446778EED014D8A /* LilithCinematicOSView.swift */; };
		FB46C2E461296B12936EFC05 /* HistoryView.swift in Sources */ = {isa = PBXBuildFile; fileRef = C183F3D9F8013660A5A07963 /* HistoryView.swift */; };
		FB638D1D89BB83249931E56B /* LilithContextEngine.swift in Sources */ = {isa = PBXBuildFile; fileRef = DC2EAF5B0739A44333737902 /* LilithContextEngine.swift */; };
		FC930DB9986A6ADF39B4212F /* LinuxMachinesView.swift in Sources */ = {isa = PBXBuildFile; fileRef = 11C74EE0C050138745935452 /* LinuxMachinesView.swift */; };
		FD6CB7920049EF9F21923E95 /* LilithRelationshipEngine.swift in Sources */ = {isa = PBXBuildFile; fileRef = F350B2CE1CE903381E6BF19E /* LilithRelationshipEngine.swift */; };
		FFDA5BB34E8C974FA49C4AB7 /* LilithProactiveEngine.swift in Sources */ = {isa = PBXBuildFile; fileRef = 3A9BE334894B5576CA50F9A7 /* LilithProactiveEngine.swift */; };
/* End PBXBuildFile section */

/* Begin PBXFileReference section */
		036DB5BEB273127B38D6318D /* LilithTheme.swift */ = {isa = PBXFileReference; lastKnownFileType = sourcecode.swift; path = LilithTheme.swift; sourceTree = "<group>"; };
		03972D716694BD7712CB3BB4 /* PrimaryButtonStyle.swift */ = {isa = PBXFileReference; lastKnownFileType = sourcecode.swift; path = PrimaryButtonStyle.swift; sourceTree = "<group>"; };
		03D627940428CBD32062D178 /* LilithWorkflowEngine.swift */ = {isa = PBXFileReference; lastKnownFileType = sourcecode.swift; path = LilithWorkflowEngine.swift; sourceTree = "<group>"; };
		0B93B07496A6789F6BCB9E11 /* CloneViewModel.swift */ = {isa = PBXFileReference; lastKnownFileType = sourcecode.swift; path = CloneViewModel.swift; sourceTree = "<group>"; };
		0C6D1E2D936E4B2CFC1901D2 /* LilithSystem.swift */ = {isa = PBXFileReference; lastKnownFileType = sourcecode.swift; path = LilithSystem.swift; sourceTree = "<group>"; };
		11C74EE0C050138745935452 /* LinuxMachinesView.swift */ = {isa = PBXFileReference; lastKnownFileType = sourcecode.swift; path = LinuxMachinesView.swift; sourceTree = "<group>"; };
		190B76AF2091E232E223F280 /* LilithActionManager.swift */ = {isa = PBXFileReference; lastKnownFileType = sourcecode.swift; path = LilithActionManager.swift; sourceTree = "<group>"; };
		1A2B6E75636C5007FBDB2045 /* Assets.xcassets */ = {isa = PBXFileReference; lastKnownFileType = folder.assetcatalog; path = Assets.xcassets; sourceTree = "<group>"; };
		1CA7A5B59138D51EBBFDCD1A /* MediaView.swift */ = {isa = PBXFileReference; lastKnownFileType = sourcecode.swift; path = MediaView.swift; sourceTree = "<group>"; };
		1FD36839430E22158F9DA9F5 /* LTEModels.swift */ = {isa = PBXFileReference; lastKnownFileType = sourcecode.swift; path = LTEModels.swift; sourceTree = "<group>"; };
		26076785D390A61352116E01 /* AccountViewModel.swift */ = {isa = PBXFileReference; lastKnownFileType = sourcecode.swift; path = AccountViewModel.swift; sourceTree = "<group>"; };
		2DDA48D6E38BB905DA6E6B65 /* ChatModels.swift */ = {isa = PBXFileReference; lastKnownFileType = sourcecode.swift; path = ChatModels.swift; sourceTree = "<group>"; };
		30D18D83A3AC202417DDC99F /* LilithVoiceAssistantService.swift */ = {isa = PBXFileReference; lastKnownFileType = sourcecode.swift; path = LilithVoiceAssistantService.swift; sourceTree = "<group>"; };
		31FC1FE14D0B8685CBB8CC67 /* VideoViewModel.swift */ = {isa = PBXFileReference; lastKnownFileType = sourcecode.swift; path = VideoViewModel.swift; sourceTree = "<group>"; };
		3227AE9FE475C0284F5D5713 /* LilithView.swift */ = {isa = PBXFileReference; lastKnownFileType = sourcecode.swift; path = LilithView.swift; sourceTree = "<group>"; };
		34926D144830636645ADE35C /* ContentView.swift */ = {isa = PBXFileReference; lastKnownFileType = sourcecode.swift; path = ContentView.swift; sourceTree = "<group>"; };
		364166AB485BE473C8CA8AAD /* LinuxTerminalView.swift */ = {isa = PBXFileReference; lastKnownFileType = sourcecode.swift; path = LinuxTerminalView.swift; sourceTree = "<group>"; };
		3A38B69FBF954BA2BA4A11A1 /* APIClient.swift */ = {isa = PBXFileReference; lastKnownFileType = sourcecode.swift; path = APIClient.swift; sourceTree = "<group>"; };
		3A9BE334894B5576CA50F9A7 /* LilithProactiveEngine.swift */ = {isa = PBXFileReference; lastKnownFileType = sourcecode.swift; path = LilithProactiveEngine.swift; sourceTree = "<group>"; };
		3E61C289FD9628526252F801 /* LilithMotionModifier.swift */ = {isa = PBXFileReference; lastKnownFileType = sourcecode.swift; path = LilithMotionModifier.swift; sourceTree = "<group>"; };
		3FE192054D2E496061EB8ACE /* RootView.swift */ = {isa = PBXFileReference; lastKnownFileType = sourcecode.swift; path = RootView.swift; sourceTree = "<group>"; };
		42E55F57230A83FE776F58B0 /* AVKit.framework */ = {isa = PBXFileReference; lastKnownFileType = wrapper.framework; name = AVKit.framework; path = System/Library/Frameworks/AVKit.framework; sourceTree = SDKROOT; };
		459AB97C30B1F3602F03C09B /* ProjectsView.swift */ = {isa = PBXFileReference; lastKnownFileType = sourcecode.swift; path = ProjectsView.swift; sourceTree = "<group>"; };
		462D74F78FB3BA5412FBA310 /* AuthStore.swift */ = {isa = PBXFileReference; lastKnownFileType = sourcecode.swift; path = AuthStore.swift; sourceTree = "<group>"; };
		46AD6925FC8A32CD6F5F65FE /* ChatViewModel.swift */ = {isa = PBXFileReference; lastKnownFileType = sourcecode.swift; path = ChatViewModel.swift; sourceTree = "<group>"; };
		46D3A83CD9CE46E41AFFDD6F /* IDEView.swift */ = {isa = PBXFileReference; lastKnownFileType = sourcecode.swift; path = IDEView.swift; sourceTree = "<group>"; };
		4840E42583840E2A6A3B1F12 /* LilithSwiftUI.app */ = {isa = PBXFileReference; includeInIndex = 0; lastKnownFileType = wrapper.application; path = LilithSwiftUI.app; sourceTree = BUILT_PRODUCTS_DIR; };
		4AD72824E92CD9877EA325A9 /* LinuxFileManagerView.swift */ = {isa = PBXFileReference; lastKnownFileType = sourcecode.swift; path = LinuxFileManagerView.swift; sourceTree = "<group>"; };
		4DCD9682BF3671D9BA471D0C /* LilithBluetoothMesh.swift */ = {isa = PBXFileReference; lastKnownFileType = sourcecode.swift; path = LilithBluetoothMesh.swift; sourceTree = "<group>"; };
		52F067716EBCF83EC24B0FD4 /* LoginView.swift */ = {isa = PBXFileReference; lastKnownFileType = sourcecode.swift; path = LoginView.swift; sourceTree = "<group>"; };
		58ABAC27F2A2806D422B1D68 /* LilithPersonalityEngine.swift */ = {isa = PBXFileReference; lastKnownFileType = sourcecode.swift; path = LilithPersonalityEngine.swift; sourceTree = "<group>"; };
		5E58F306D66FC08D2F513508 /* CloneView.swift */ = {isa = PBXFileReference; lastKnownFileType = sourcecode.swift; path = CloneView.swift; sourceTree = "<group>"; };
		5E9C9B69E7C01610002ED4F0 /* LilithAutonomousGPT.swift */ = {isa = PBXFileReference; lastKnownFileType = sourcecode.swift; path = LilithAutonomousGPT.swift; sourceTree = "<group>"; };
		604A9EFB8AA6C07E52A9DA75 /* AuthModels.swift */ = {isa = PBXFileReference; lastKnownFileType = sourcecode.swift; path = AuthModels.swift; sourceTree = "<group>"; };
		62C5620573B7B038A31DEA00 /* LTEVoIPDialerView.swift */ = {isa = PBXFileReference; lastKnownFileType = sourcecode.swift; path = LTEVoIPDialerView.swift; sourceTree = "<group>"; };
		6E86C72B6345CAE6A376669C /* ServerSettingsView.swift */ = {isa = PBXFileReference; lastKnownFileType = sourcecode.swift; path = ServerSettingsView.swift; sourceTree = "<group>"; };
		6F4453865DC0D755FF5FA7C4 /* WorkspaceModels.swift */ = {isa = PBXFileReference; lastKnownFileType = sourcecode.swift; path = WorkspaceModels.swift; sourceTree = "<group>"; };
		7D6D5773829BBBEC51817EA5 /* ServerManager.swift */ = {isa = PBXFileReference; lastKnownFileType = sourcecode.swift; path = ServerManager.swift; sourceTree = "<group>"; };
		7EA2C9717B280930ADD26CEE /* SubscriptionSheet.swift */ = {isa = PBXFileReference; lastKnownFileType = sourcecode.swift; path = SubscriptionSheet.swift; sourceTree = "<group>"; };
		7EBD2D47DFC9314BFD1D7F83 /* LTENetworkView.swift */ = {isa = PBXFileReference; lastKnownFileType = sourcecode.swift; path = LTENetworkView.swift; sourceTree = "<group>"; };
		824CDF5E9147DF68F8DE0316 /* Lilith.swift */ = {isa = PBXFileReference; lastKnownFileType = sourcecode.swift; path = Lilith.swift; sourceTree = "<group>"; };
		829730AA5D55F28EB026457A /* CallView.swift */ = {isa = PBXFileReference; lastKnownFileType = sourcecode.swift; path = CallView.swift; sourceTree = "<group>"; };
		837DE62440A433135D61DFE3 /* WebRTCVideoView.swift */ = {isa = PBXFileReference; lastKnownFileType = sourcecode.swift; path = WebRTCVideoView.swift; sourceTree = "<group>"; };
		85091030AF3041024ECBAA7C /* LilithRealtimeEngine.swift */ = {isa = PBXFileReference; lastKnownFileType = sourcecode.swift; path = LilithRealtimeEngine.swift; sourceTree = "<group>"; };
		878F15670040630DCB1154F8 /* KeyboardObserver.swift */ = {isa = PBXFileReference; lastKnownFileType = sourcecode.swift; path = KeyboardObserver.swift; sourceTree = "<group>"; };
		984F1BD11098A67E7A49D356 /* LandingView.swift */ = {isa = PBXFileReference; lastKnownFileType = sourcecode.swift; path = LandingView.swift; sourceTree = "<group>"; };
		9FAB8F2A5DD3B7C872CDB9A6 /* LilithVoiceConsoleView.swift */ = {isa = PBXFileReference; lastKnownFileType = sourcecode.swift; path = LilithVoiceConsoleView.swift; sourceTree = "<group>"; };
		A03919BB021827B54148A07E /* WebKit.framework */ = {isa = PBXFileReference; lastKnownFileType = wrapper.framework; name = WebKit.framework; path = System/Library/Frameworks/WebKit.framework; sourceTree = SDKROOT; };
		A09856996199E5FAFE874E5A /* SessionStorage.swift */ = {isa = PBXFileReference; lastKnownFileType = sourcecode.swift; path = SessionStorage.swift; sourceTree = "<group>"; };
		A58D675DC5C9791B1D3D00BD /* LilithRootSystem.swift */ = {isa = PBXFileReference; lastKnownFileType = sourcecode.swift; path = LilithRootSystem.swift; sourceTree = "<group>"; };
		A7F7BFAF40173F6CA1D80B7D /* AccountView.swift */ = {isa = PBXFileReference; lastKnownFileType = sourcecode.swift; path = AccountView.swift; sourceTree = "<group>"; };
		ADEA2671155103173FDC6FDC /* LilithSpeechManager.swift */ = {isa = PBXFileReference; lastKnownFileType = sourcecode.swift; path = LilithSpeechManager.swift; sourceTree = "<group>"; };
		AFC2840B7DDE24339E3EE2C2 /* LilithMainBodyCinematic.swift */ = {isa = PBXFileReference; lastKnownFileType = sourcecode.swift; path = LilithMainBodyCinematic.swift; sourceTree = "<group>"; };
		AFEAD9929DA29ECB395EED0F /* LilithVectorMemory.swift */ = {isa = PBXFileReference; lastKnownFileType = sourcecode.swift; path = LilithVectorMemory.swift; sourceTree = "<group>"; };
		B40FA3D1D446778EED014D8A /* LilithCinematicOSView.swift */ = {isa = PBXFileReference; lastKnownFileType = sourcecode.swift; path = LilithCinematicOSView.swift; sourceTree = "<group>"; };
		B5829CC82D2B6FA79AD82859 /* AgentSelectorSheet.swift */ = {isa = PBXFileReference; lastKnownFileType = sourcecode.swift; path = AgentSelectorSheet.swift; sourceTree = "<group>"; };
		BAA68C7F9999BC1FAFBA9B43 /* ProjectsViewModel.swift */ = {isa = PBXFileReference; lastKnownFileType = sourcecode.swift; path = ProjectsViewModel.swift; sourceTree = "<group>"; };
		C11FFC8F83E8ADD11D9901DF /* PhotosUI.framework */ = {isa = PBXFileReference; lastKnownFileType = wrapper.framework; name = PhotosUI.framework; path = System/Library/Frameworks/PhotosUI.framework; sourceTree = SDKROOT; };
		C183F3D9F8013660A5A07963 /* HistoryView.swift */ = {isa = PBXFileReference; lastKnownFileType = sourcecode.swift; path = HistoryView.swift; sourceTree = "<group>"; };
		C53D40E0C481AA050769E157 /* MediaViewModel.swift */ = {isa = PBXFileReference; lastKnownFileType = sourcecode.swift; path = MediaViewModel.swift; sourceTree = "<group>"; };
		C86116F01F65A3D61987615F /* CombinedChatIDEView.swift */ = {isa = PBXFileReference; lastKnownFileType = sourcecode.swift; path = CombinedChatIDEView.swift; sourceTree = "<group>"; };
		CAA52C0417B6BE8A548662D8 /* LilithAutonomousEngine.swift */ = {isa = PBXFileReference; lastKnownFileType = sourcecode.swift; path = LilithAutonomousEngine.swift; sourceTree = "<group>"; };
		CB9C53423141F6C67754D875 /* RegisterView.swift */ = {isa = PBXFileReference; lastKnownFileType = sourcecode.swift; path = RegisterView.swift; sourceTree = "<group>"; };
		D11E482D3F6BB0EDB3C7AE11 /* ChatView.swift */ = {isa = PBXFileReference; lastKnownFileType = sourcecode.swift; path = ChatView.swift; sourceTree = "<group>"; };
		D39BC34D9238BEC686748DBB /* WebRTCManager.swift */ = {isa = PBXFileReference; lastKnownFileType = sourcecode.swift; path = WebRTCManager.swift; sourceTree = "<group>"; };
		D40D972BB3B073B94BB2A7CC /* LinuxSystemMonitorView.swift */ = {isa = PBXFileReference; lastKnownFileType = sourcecode.swift; path = LinuxSystemMonitorView.swift; sourceTree = "<group>"; };
		D47E4DC0E4D5E67F8EBDD446 /* LinuxAddMachineView.swift */ = {isa = PBXFileReference; lastKnownFileType = sourcecode.swift; path = LinuxAddMachineView.swift; sourceTree = "<group>"; };
		DA7B23C135C8354C56830E5D /* IDEViewModel.swift */ = {isa = PBXFileReference; lastKnownFileType = sourcecode.swift; path = IDEViewModel.swift; sourceTree = "<group>"; };
		DC2EAF5B0739A44333737902 /* LilithContextEngine.swift */ = {isa = PBXFileReference; lastKnownFileType = sourcecode.swift; path = LilithContextEngine.swift; sourceTree = "<group>"; };
		DDC8682424EBECF9E86B6E20 /* LilithAnimatedView.swift */ = {isa = PBXFileReference; lastKnownFileType = sourcecode.swift; path = LilithAnimatedView.swift; sourceTree = "<group>"; };
		DEBAE311E7CE230AD17C3B90 /* LilithRealtimeVoidView.swift */ = {isa = PBXFileReference; lastKnownFileType = sourcecode.swift; path = LilithRealtimeVoidView.swift; sourceTree = "<group>"; };
		E19BE6E365D96220BA152980 /* VideoView.swift */ = {isa = PBXFileReference; lastKnownFileType = sourcecode.swift; path = VideoView.swift; sourceTree = "<group>"; };
		E3FD869C5471E1986C576B31 /* LilithAudioManager.swift */ = {isa = PBXFileReference; lastKnownFileType = sourcecode.swift; path = LilithAudioManager.swift; sourceTree = "<group>"; };
		EA9F3AC1EB87B3B0DB4D468F /* WorkspaceShellView.swift */ = {isa = PBXFileReference; lastKnownFileType = sourcecode.swift; path = WorkspaceShellView.swift; sourceTree = "<group>"; };
		EBD28B651BDD56093CBB67B6 /* GlassCard.swift */ = {isa = PBXFileReference; lastKnownFileType = sourcecode.swift; path = GlassCard.swift; sourceTree = "<group>"; };
		EEFC588D218E55654055E9DC /* LilithScheduler.swift */ = {isa = PBXFileReference; lastKnownFileType = sourcecode.swift; path = LilithScheduler.swift; sourceTree = "<group>"; };
		EF63151A3BBF8F11E859966C /* ProjectModels.swift */ = {isa = PBXFileReference; lastKnownFileType = sourcecode.swift; path = ProjectModels.swift; sourceTree = "<group>"; };
		EFCC34747428102BE5EEE570 /* LinuxModels.swift */ = {isa = PBXFileReference; lastKnownFileType = sourcecode.swift; path = LinuxModels.swift; sourceTree = "<group>"; };
		F040D0DF1B20BAE9C304BCF8 /* LilithStateManager.swift */ = {isa = PBXFileReference; lastKnownFileType = sourcecode.swift; path = LilithStateManager.swift; sourceTree = "<group>"; };
		F0BBE71395077A5E6D77A0C3 /* ImageGenView.swift */ = {isa = PBXFileReference; lastKnownFileType = sourcecode.swift; path = ImageGenView.swift; sourceTree = "<group>"; };
		F350B2CE1CE903381E6BF19E /* LilithRelationshipEngine.swift */ = {isa = PBXFileReference; lastKnownFileType = sourcecode.swift; path = LilithRelationshipEngine.swift; sourceTree = "<group>"; };
		F39C526501CE43F64D249DC5 /* CallManager.swift */ = {isa = PBXFileReference; lastKnownFileType = sourcecode.swift; path = CallManager.swift; sourceTree = "<group>"; };
		F7D9022F567C80F1093BB689 /* LilithAdvancedScheduler.swift */ = {isa = PBXFileReference; lastKnownFileType = sourcecode.swift; path = LilithAdvancedScheduler.swift; sourceTree = "<group>"; };
		F8D9637E9D94CA8351B59F8F /* HistoryViewModel.swift */ = {isa = PBXFileReference; lastKnownFileType = sourcecode.swift; path = HistoryViewModel.swift; sourceTree = "<group>"; };
		FFE163612816EE668257D3A7 /* LilithDayPlanner.swift */ = {isa = PBXFileReference; lastKnownFileType = sourcecode.swift; path = LilithDayPlanner.swift; sourceTree = "<group>"; };
/* End PBXFileReference section */

/* Begin PBXFrameworksBuildPhase section */
		D914A01294C8CC3613F18F07 /* Frameworks */ = {
			isa = PBXFrameworksBuildPhase;
			buildActionMask = 2147483647;
			files = (
				047BB743F468A3DAC3B5D2F6 /* AVKit.framework in Frameworks */,
				298917CD6D9EDC0CDE59E00C /* PhotosUI.framework in Frameworks */,
				99819882CC94F01A9BF0F3E9 /* WebKit.framework in Frameworks */,
			);
			runOnlyForDeploymentPostprocessing = 0;
		};
/* End PBXFrameworksBuildPhase section */

/* Begin PBXGroup section */
		0853EF0DF53E5DA780688EB1 /* App */ = {
			isa = PBXGroup;
			children = (
				34926D144830636645ADE35C /* ContentView.swift */,
				824CDF5E9147DF68F8DE0316 /* Lilith.swift */,
				190B76AF2091E232E223F280 /* LilithActionManager.swift */,
				F7D9022F567C80F1093BB689 /* LilithAdvancedScheduler.swift */,
				CAA52C0417B6BE8A548662D8 /* LilithAutonomousEngine.swift */,
				5E9C9B69E7C01610002ED4F0 /* LilithAutonomousGPT.swift */,
				B40FA3D1D446778EED014D8A /* LilithCinematicOSView.swift */,
				DC2EAF5B0739A44333737902 /* LilithContextEngine.swift */,
				FFE163612816EE668257D3A7 /* LilithDayPlanner.swift */,
				AFC2840B7DDE24339E3EE2C2 /* LilithMainBodyCinematic.swift */,
				58ABAC27F2A2806D422B1D68 /* LilithPersonalityEngine.swift */,
				3A9BE334894B5576CA50F9A7 /* LilithProactiveEngine.swift */,
				85091030AF3041024ECBAA7C /* LilithRealtimeEngine.swift */,
				F350B2CE1CE903381E6BF19E /* LilithRelationshipEngine.swift */,
				A58D675DC5C9791B1D3D00BD /* LilithRootSystem.swift */,
				EEFC588D218E55654055E9DC /* LilithScheduler.swift */,
				AFEAD9929DA29ECB395EED0F /* LilithVectorMemory.swift */,
				03D627940428CBD32062D178 /* LilithWorkflowEngine.swift */,
				3FE192054D2E496061EB8ACE /* RootView.swift */,
			);
			path = App;
			sourceTree = "<group>";
		};
		24D364E3B7209B265FEFB4FB /* Clone */ = {
			isa = PBXGroup;
			children = (
				5E58F306D66FC08D2F513508 /* CloneView.swift */,
				0B93B07496A6789F6BCB9E11 /* CloneViewModel.swift */,
			);
			path = Clone;
			sourceTree = "<group>";
		};
		61639887C11AB1DD892ED6D7 /* Features */ = {
			isa = PBXGroup;
			children = (
				CF7FC093E6FC94290DF32CEE /* Auth */,
				B18E2D62178530E42B15BD7C /* Landing */,
				8536ED6228BA606F48818AED /* Voice */,
				AE55A8A5EB00A9EAE38D16D1 /* Workspace */,
			);
			path = Features;
			sourceTree = "<group>";
		};
		6264970BF54DD54DBEADB43A = {
			isa = PBXGroup;
			children = (
				1A2B6E75636C5007FBDB2045 /* Assets.xcassets */,
				CCAF1F45D09ED2A08F685810 /* Lilith */,
				7B3F7AB9F1D7A5055C0F1973 /* Frameworks */,
				FF2A71B7713D4690E6FD5E12 /* Products */,
			);
			sourceTree = "<group>";
		};
		679278B1D084936D1B87B516 /* Linux */ = {
			isa = PBXGroup;
			children = (
				D47E4DC0E4D5E67F8EBDD446 /* LinuxAddMachineView.swift */,
				4AD72824E92CD9877EA325A9 /* LinuxFileManagerView.swift */,
				11C74EE0C050138745935452 /* LinuxMachinesView.swift */,
				EFCC34747428102BE5EEE570 /* LinuxModels.swift */,
				D40D972BB3B073B94BB2A7CC /* LinuxSystemMonitorView.swift */,
				364166AB485BE473C8CA8AAD /* LinuxTerminalView.swift */,
			);
			path = Linux;
			sourceTree = "<group>";
		};
		76C4EDF82DCB45560B1C96ED /* IDE */ = {
			isa = PBXGroup;
			children = (
				C86116F01F65A3D61987615F /* CombinedChatIDEView.swift */,
				46D3A83CD9CE46E41AFFDD6F /* IDEView.swift */,
				DA7B23C135C8354C56830E5D /* IDEViewModel.swift */,
			);
			path = IDE;
			sourceTree = "<group>";
		};
		7B3F7AB9F1D7A5055C0F1973 /* Frameworks */ = {
			isa = PBXGroup;
			children = (
				42E55F57230A83FE776F58B0 /* AVKit.framework */,
				C11FFC8F83E8ADD11D9901DF /* PhotosUI.framework */,
				A03919BB021827B54148A07E /* WebKit.framework */,
			);
			name = Frameworks;
			sourceTree = "<group>";
		};
		8473DC0F2EE3BA6E1DF2E677 /* Voice */ = {
			isa = PBXGroup;
			children = (
				30D18D83A3AC202417DDC99F /* LilithVoiceAssistantService.swift */,
			);
			path = Voice;
			sourceTree = "<group>";
		};
		8536ED6228BA606F48818AED /* Voice */ = {
			isa = PBXGroup;
			children = (
				DEBAE311E7CE230AD17C3B90 /* LilithRealtimeVoidView.swift */,
				9FAB8F2A5DD3B7C872CDB9A6 /* LilithVoiceConsoleView.swift */,
				6E86C72B6345CAE6A376669C /* ServerSettingsView.swift */,
			);
			path = Voice;
			sourceTree = "<group>";
		};
		8FA1D9921818276842DFFBA0 /* Chat */ = {
			isa = PBXGroup;
			children = (
				2DDA48D6E38BB905DA6E6B65 /* ChatModels.swift */,
				D11E482D3F6BB0EDB3C7AE11 /* ChatView.swift */,
				46AD6925FC8A32CD6F5F65FE /* ChatViewModel.swift */,
			);
			path = Chat;
			sourceTree = "<group>";
		};
		90866A2AF9C8D86F2755E966 /* LTE */ = {
			isa = PBXGroup;
			children = (
				1FD36839430E22158F9DA9F5 /* LTEModels.swift */,
				7EBD2D47DFC9314BFD1D7F83 /* LTENetworkView.swift */,
				62C5620573B7B038A31DEA00 /* LTEVoIPDialerView.swift */,
			);
			path = LTE;
			sourceTree = "<group>";
		};
		98588A8FECCEBB77722198CD /* Storage */ = {
			isa = PBXGroup;
			children = (
				A09856996199E5FAFE874E5A /* SessionStorage.swift */,
			);
			path = Storage;
			sourceTree = "<group>";
		};
		A0946C315CF5C36DAAD97053 /* Media */ = {
			isa = PBXGroup;
			children = (
				F0BBE71395077A5E6D77A0C3 /* ImageGenView.swift */,
				1CA7A5B59138D51EBBFDCD1A /* MediaView.swift */,
				C53D40E0C481AA050769E157 /* MediaViewModel.swift */,
				E19BE6E365D96220BA152980 /* VideoView.swift */,
				31FC1FE14D0B8685CBB8CC67 /* VideoViewModel.swift */,
			);
			path = Media;
			sourceTree = "<group>";
		};
		AE55A8A5EB00A9EAE38D16D1 /* Workspace */ = {
			isa = PBXGroup;
			children = (
				B5829CC82D2B6FA79AD82859 /* AgentSelectorSheet.swift */,
				7EA2C9717B280930ADD26CEE /* SubscriptionSheet.swift */,
				6F4453865DC0D755FF5FA7C4 /* WorkspaceModels.swift */,
				EA9F3AC1EB87B3B0DB4D468F /* WorkspaceShellView.swift */,
				EB7257047735F76007967D46 /* Account */,
				8FA1D9921818276842DFFBA0 /* Chat */,
				24D364E3B7209B265FEFB4FB /* Clone */,
				BAA468643D987323C1454B04 /* History */,
				76C4EDF82DCB45560B1C96ED /* IDE */,
				679278B1D084936D1B87B516 /* Linux */,
				90866A2AF9C8D86F2755E966 /* LTE */,
				A0946C315CF5C36DAAD97053 /* Media */,
				FE801B661BA5CEA5CC8B291D /* Projects */,
			);
			path = Workspace;
			sourceTree = "<group>";
		};
		B18E2D62178530E42B15BD7C /* Landing */ = {
			isa = PBXGroup;
			children = (
				984F1BD11098A67E7A49D356 /* LandingView.swift */,
			);
			path = Landing;
			sourceTree = "<group>";
		};
		BAA468643D987323C1454B04 /* History */ = {
			isa = PBXGroup;
			children = (
				C183F3D9F8013660A5A07963 /* HistoryView.swift */,
				F8D9637E9D94CA8351B59F8F /* HistoryViewModel.swift */,
			);
			path = History;
			sourceTree = "<group>";
		};
		CCAF1F45D09ED2A08F685810 /* Lilith */ = {
			isa = PBXGroup;
			children = (
				0853EF0DF53E5DA780688EB1 /* App */,
				DCB97988CBFC0D11EB80662D /* Core */,
				61639887C11AB1DD892ED6D7 /* Features */,
			);
			path = Lilith;
			sourceTree = "<group>";
		};
		CF7FC093E6FC94290DF32CEE /* Auth */ = {
			isa = PBXGroup;
			children = (
				604A9EFB8AA6C07E52A9DA75 /* AuthModels.swift */,
				462D74F78FB3BA5412FBA310 /* AuthStore.swift */,
				52F067716EBCF83EC24B0FD4 /* LoginView.swift */,
				CB9C53423141F6C67754D875 /* RegisterView.swift */,
			);
			path = Auth;
			sourceTree = "<group>";
		};
		D7F8D9093335792D28099F8A /* System */ = {
			isa = PBXGroup;
			children = (
				F39C526501CE43F64D249DC5 /* CallManager.swift */,
				4DCD9682BF3671D9BA471D0C /* LilithBluetoothMesh.swift */,
				0C6D1E2D936E4B2CFC1901D2 /* LilithSystem.swift */,
				D39BC34D9238BEC686748DBB /* WebRTCManager.swift */,
			);
			path = System;
			sourceTree = "<group>";
		};
		DB8594FB06C6FC5E13F58ECE /* Networking */ = {
			isa = PBXGroup;
			children = (
				3A38B69FBF954BA2BA4A11A1 /* APIClient.swift */,
				7D6D5773829BBBEC51817EA5 /* ServerManager.swift */,
			);
			path = Networking;
			sourceTree = "<group>";
		};
		DCB97988CBFC0D11EB80662D /* Core */ = {
			isa = PBXGroup;
			children = (
				DB8594FB06C6FC5E13F58ECE /* Networking */,
				98588A8FECCEBB77722198CD /* Storage */,
				D7F8D9093335792D28099F8A /* System */,
				FDF2E5F0AA9BC268C7DE0766 /* UI */,
				8473DC0F2EE3BA6E1DF2E677 /* Voice */,
			);
			path = Core;
			sourceTree = "<group>";
		};
		EB7257047735F76007967D46 /* Account */ = {
			isa = PBXGroup;
			children = (
				A7F7BFAF40173F6CA1D80B7D /* AccountView.swift */,
				26076785D390A61352116E01 /* AccountViewModel.swift */,
			);
			path = Account;
			sourceTree = "<group>";
		};
		FDF2E5F0AA9BC268C7DE0766 /* UI */ = {
			isa = PBXGroup;
			children = (
				829730AA5D55F28EB026457A /* CallView.swift */,
				EBD28B651BDD56093CBB67B6 /* GlassCard.swift */,
				878F15670040630DCB1154F8 /* KeyboardObserver.swift */,
				DDC8682424EBECF9E86B6E20 /* LilithAnimatedView.swift */,
				E3FD869C5471E1986C576B31 /* LilithAudioManager.swift */,
				3E61C289FD9628526252F801 /* LilithMotionModifier.swift */,
				ADEA2671155103173FDC6FDC /* LilithSpeechManager.swift */,
				F040D0DF1B20BAE9C304BCF8 /* LilithStateManager.swift */,
				036DB5BEB273127B38D6318D /* LilithTheme.swift */,
				3227AE9FE475C0284F5D5713 /* LilithView.swift */,
				03972D716694BD7712CB3BB4 /* PrimaryButtonStyle.swift */,
				837DE62440A433135D61DFE3 /* WebRTCVideoView.swift */,
			);
			path = UI;
			sourceTree = "<group>";
		};
		FE801B661BA5CEA5CC8B291D /* Projects */ = {
			isa = PBXGroup;
			children = (
				EF63151A3BBF8F11E859966C /* ProjectModels.swift */,
				459AB97C30B1F3602F03C09B /* ProjectsView.swift */,
				BAA68C7F9999BC1FAFBA9B43 /* ProjectsViewModel.swift */,
			);
			path = Projects;
			sourceTree = "<group>";
		};
		FF2A71B7713D4690E6FD5E12 /* Products */ = {
			isa = PBXGroup;
			children = (
				4840E42583840E2A6A3B1F12 /* LilithSwiftUI.app */,
			);
			name = Products;
			sourceTree = "<group>";
		};
/* End PBXGroup section */

/* Begin PBXNativeTarget section */
		BFDAEFA1D1940F635D37F0CE /* LilithSwiftUI */ = {
			isa = PBXNativeTarget;
			buildConfigurationList = 5E08350DEC0C02EBF3CAB18F /* Build configuration list for PBXNativeTarget "LilithSwiftUI" */;
			buildPhases = (
				F1973739A462C24A43D959A0 /* Sources */,
				0C2228BD3ADB54E21E7947D5 /* Resources */,
				D914A01294C8CC3613F18F07 /* Frameworks */,
			);
			buildRules = (
			);
			dependencies = (
			);
			name = LilithSwiftUI;
			packageProductDependencies = (
			);
			productName = LilithSwiftUI;
			productReference = 4840E42583840E2A6A3B1F12 /* LilithSwiftUI.app */;
			productType = "com.apple.product-type.application";
		};
/* End PBXNativeTarget section */

/* Begin PBXProject section */
		B3EE24C538132EB3055DA8BE /* Project object */ = {
			isa = PBXProject;
			attributes = {
				BuildIndependentTargetsInParallel = YES;
				LastUpgradeCheck = 1430;
				TargetAttributes = {
					BFDAEFA1D1940F635D37F0CE = {
						DevelopmentTeam = 46PM2SB7NF;
						ProvisioningStyle = Automatic;
					};
				};
			};
			buildConfigurationList = 195051024C11932F8BC20D91 /* Build configuration list for PBXProject "Lilith" */;
			developmentRegion = en;
			hasScannedForEncodings = 0;
			knownRegions = (
				Base,
				en,
			);
			mainGroup = 6264970BF54DD54DBEADB43A;
			minimizedProjectReferenceProxies = 1;
			preferredProjectObjectVersion = 77;
			productRefGroup = FF2A71B7713D4690E6FD5E12 /* Products */;
			projectDirPath = "";
			projectRoot = "";
			targets = (
				BFDAEFA1D1940F635D37F0CE /* LilithSwiftUI */,
			);
		};
/* End PBXProject section */

/* Begin PBXResourcesBuildPhase section */
		0C2228BD3ADB54E21E7947D5 /* Resources */ = {
			isa = PBXResourcesBuildPhase;
			buildActionMask = 2147483647;
			files = (
				743B3FB18854E44F8B76CD26 /* Assets.xcassets in Resources */,
			);
			runOnlyForDeploymentPostprocessing = 0;
		};
/* End PBXResourcesBuildPhase section */

/* Begin PBXSourcesBuildPhase section */
		F1973739A462C24A43D959A0 /* Sources */ = {
			isa = PBXSourcesBuildPhase;
			buildActionMask = 2147483647;
			files = (
				2BAED226B738A30F85A7F6A3 /* APIClient.swift in Sources */,
				E322EDD957BABAF4A4E4E48C /* AccountView.swift in Sources */,
				3FEEFBBE0135F4725E97360F /* AccountViewModel.swift in Sources */,
				0354E351951878DD8871743B /* AgentSelectorSheet.swift in Sources */,
				5C24C6128B02E0D498FE421A /* AuthModels.swift in Sources */,
				02DE5B6524D4DE05DE8388D7 /* AuthStore.swift in Sources */,
				F4D1C543EF11E40E906151A4 /* CallManager.swift in Sources */,
				4C12FB8DAF91F4F4128CEC28 /* CallView.swift in Sources */,
				438B772C1855599E06FD3F82 /* ChatModels.swift in Sources */,
				A291C5390DB6276375B1F732 /* ChatView.swift in Sources */,
				4E2DD4E9D08FDFD2DBBAD9B8 /* ChatViewModel.swift in Sources */,
				869284E61F5CB66AA33C8827 /* CloneView.swift in Sources */,
				C41E93E94955019E1F9E43B4 /* CloneViewModel.swift in Sources */,
				D0F01368B174F7B024CECB97 /* CombinedChatIDEView.swift in Sources */,
				ADF35A72502D1B08934D0FDA /* ContentView.swift in Sources */,
				48AC92783BEBDA30D900394A /* GlassCard.swift in Sources */,
				FB46C2E461296B12936EFC05 /* HistoryView.swift in Sources */,
				8438D20BF3A4609A9F064D96 /* HistoryViewModel.swift in Sources */,
				1872E313D829F6D372533B93 /* IDEView.swift in Sources */,
				B7E07A98EBE54F9B51BC916B /* IDEViewModel.swift in Sources */,
				8345482F788AFC9D91356761 /* ImageGenView.swift in Sources */,
				563FC92C6BE1777035F3E141 /* KeyboardObserver.swift in Sources */,
				9845B9671F3D5D09490CE7F1 /* LTEModels.swift in Sources */,
				DE8F53D6E0FEF5E73A49AF9C /* LTENetworkView.swift in Sources */,
				11ABC91BD5D2DD95F7CEA074 /* LTEVoIPDialerView.swift in Sources */,
				3251C02CAECC60DA020D66C6 /* LandingView.swift in Sources */,
				7291A6B0E6AB2A92157CD198 /* Lilith.swift in Sources */,
				9CE46B5164779AF4211633E9 /* LilithActionManager.swift in Sources */,
				10751F5DA3F99E7D68E0D75B /* LilithAdvancedScheduler.swift in Sources */,
				8B730371088996811BBB0F4F /* LilithAnimatedView.swift in Sources */,
				730401A2C59C56C76F9DBF0F /* LilithAudioManager.swift in Sources */,
				983E3D87E55ECF560EE7154E /* LilithAutonomousEngine.swift in Sources */,
				DF464DE6FDA839EA9BFC9097 /* LilithAutonomousGPT.swift in Sources */,
				7B118BD38A3024672A69BD42 /* LilithBluetoothMesh.swift in Sources */,
				F95516F35805D02207353389 /* LilithCinematicOSView.swift in Sources */,
				FB638D1D89BB83249931E56B /* LilithContextEngine.swift in Sources */,
				5AE96BB81EE3082E51504260 /* LilithDayPlanner.swift in Sources */,
				CC73E3AE5F7DC84704F5B4AC /* LilithMainBodyCinematic.swift in Sources */,
				07B8E8DBBBBABE19E4267626 /* LilithMotionModifier.swift in Sources */,
				B298BDFC35F3B8B6B9D8DFB0 /* LilithPersonalityEngine.swift in Sources */,
				FFDA5BB34E8C974FA49C4AB7 /* LilithProactiveEngine.swift in Sources */,
				23EC82C26D7EBB2C54C6C66A /* LilithRealtimeEngine.swift in Sources */,
				BDF4D223E73CEB3709055B61 /* LilithRealtimeVoidView.swift in Sources */,
				FD6CB7920049EF9F21923E95 /* LilithRelationshipEngine.swift in Sources */,
				8B1A991A981A06F62C753922 /* LilithRootSystem.swift in Sources */,
				F3B7F778060245EDDA711929 /* LilithScheduler.swift in Sources */,
				8D7B4617B306539A1674F121 /* LilithSpeechManager.swift in Sources */,
				3A8648EF113567CCCC1B4FEA /* LilithStateManager.swift in Sources */,
				9F0AAD2487D1AF7D107FA3C0 /* LilithSystem.swift in Sources */,
				90F17D8D8718919CF249DD97 /* LilithTheme.swift in Sources */,
				1BB4BCA44A7D7280ACF9E1E5 /* LilithVectorMemory.swift in Sources */,
				0991115BA6310D0136E16323 /* LilithView.swift in Sources */,
				8B40D903F9CCE9DE4423ED06 /* LilithVoiceAssistantService.swift in Sources */,
				EC623CDBFFCD43BA05FA9B8B /* LilithVoiceConsoleView.swift in Sources */,
				E34EF158266A50273E19FFC8 /* LilithWorkflowEngine.swift in Sources */,
				E015B35A8C7B91CE6842E7CC /* LinuxAddMachineView.swift in Sources */,
				02E962C79EEC96E855EC73CC /* LinuxFileManagerView.swift in Sources */,
				FC930DB9986A6ADF39B4212F /* LinuxMachinesView.swift in Sources */,
				6C94A8EC41162708E218ED07 /* LinuxModels.swift in Sources */,
				721ECCF2A751F159B56F60C7 /* LinuxSystemMonitorView.swift in Sources */,
				5EE9B0EE7729B88E8BB48119 /* LinuxTerminalView.swift in Sources */,
				5DB4F3CA3EA4CB5BCF162B69 /* LoginView.swift in Sources */,
				EF40C1BA6E8A300335AA76AE /* MediaView.swift in Sources */,
				240124232DE66F425FEDEAE7 /* MediaViewModel.swift in Sources */,
				D3E17C77C27C63335D302E7C /* PrimaryButtonStyle.swift in Sources */,
				2612CBD6B14861B1777C00BF /* ProjectModels.swift in Sources */,
				104BC3B3A4E4D702B3A04DF5 /* ProjectsView.swift in Sources */,
				4DA7B25678B346A01D030F82 /* ProjectsViewModel.swift in Sources */,
				77BF58CF0EFCF6741464588F /* RegisterView.swift in Sources */,
				D9F9A24523446BDC97DB014F /* RootView.swift in Sources */,
				9CE29C494762F6F3B5810E73 /* ServerManager.swift in Sources */,
				58BEEFCDBB057F1C2C9FD898 /* ServerSettingsView.swift in Sources */,
				74CF4DBC4BD0289651571783 /* SessionStorage.swift in Sources */,
				31AF5198E2113B863CF2226E /* SubscriptionSheet.swift in Sources */,
				1BE6B4717CC658A063B587C9 /* VideoView.swift in Sources */,
				87E82A13DAECD86CD8877CF6 /* VideoViewModel.swift in Sources */,
				59A9B1438EF25CD89129529B /* WebRTCManager.swift in Sources */,
				919C9DA9932DCAEF66139FE1 /* WebRTCVideoView.swift in Sources */,
				89482F9436BD5DE13F50A95B /* WorkspaceModels.swift in Sources */,
				A6E95620D4ED130648BCA00C /* WorkspaceShellView.swift in Sources */,
			);
			runOnlyForDeploymentPostprocessing = 0;
		};
/* End PBXSourcesBuildPhase section */

/* Begin XCBuildConfiguration section */
		27CD45820125162DDA3FA040 /* Debug */ = {
			isa = XCBuildConfiguration;
			buildSettings = {
				ALWAYS_SEARCH_USER_PATHS = NO;
				CLANG_ANALYZER_NONNULL = YES;
				CLANG_ANALYZER_NUMBER_OBJECT_CONVERSION = YES_AGGRESSIVE;
				CLANG_CXX_LANGUAGE_STANDARD = "gnu++14";
				CLANG_CXX_LIBRARY = "libc++";
				CLANG_ENABLE_MODULES = YES;
				CLANG_ENABLE_OBJC_ARC = YES;
				CLANG_ENABLE_OBJC_WEAK = YES;
				CLANG_WARN_BLOCK_CAPTURE_AUTORELEASING = YES;
				CLANG_WARN_BOOL_CONVERSION = YES;
				CLANG_WARN_COMMA = YES;
				CLANG_WARN_CONSTANT_CONVERSION = YES;
				CLANG_WARN_DEPRECATED_OBJC_IMPLEMENTATIONS = YES;
				CLANG_WARN_DIRECT_OBJC_ISA_USAGE = YES_ERROR;
				CLANG_WARN_DOCUMENTATION_COMMENTS = YES;
				CLANG_WARN_EMPTY_BODY = YES;
				CLANG_WARN_ENUM_CONVERSION = YES;
				CLANG_WARN_INFINITE_RECURSION = YES;
				CLANG_WARN_INT_CONVERSION = YES;
				CLANG_WARN_NON_LITERAL_NULL_CONVERSION = YES;
				CLANG_WARN_OBJC_IMPLICIT_RETAIN_SELF = YES;
				CLANG_WARN_OBJC_LITERAL_CONVERSION = YES;
				CLANG_WARN_OBJC_ROOT_CLASS = YES_ERROR;
				CLANG_WARN_QUOTED_INCLUDE_IN_FRAMEWORK_HEADER = YES;
				CLANG_WARN_RANGE_LOOP_ANALYSIS = YES;
				CLANG_WARN_STRICT_PROTOTYPES = YES;
				CLANG_WARN_SUSPICIOUS_MOVE = YES;
				CLANG_WARN_UNGUARDED_AVAILABILITY = YES_AGGRESSIVE;
				CLANG_WARN_UNREACHABLE_CODE = YES;
				CLANG_WARN__DUPLICATE_METHOD_MATCH = YES;
				CODE_SIGN_IDENTITY = "Apple Development";
				CODE_SIGN_STYLE = Automatic;
				COPY_PHASE_STRIP = NO;
				DEBUG_INFORMATION_FORMAT = dwarf;
				DEVELOPMENT_TEAM = 46PM2SB7NF;
				ENABLE_STRICT_OBJC_MSGSEND = YES;
				ENABLE_TESTABILITY = YES;
				GCC_C_LANGUAGE_STANDARD = gnu11;
				GCC_DYNAMIC_NO_PIC = NO;
				GCC_NO_COMMON_BLOCKS = YES;
				GCC_OPTIMIZATION_LEVEL = 0;
				GCC_PREPROCESSOR_DEFINITIONS = (
					"$(inherited)",
					"DEBUG=1",
				);
				GCC_WARN_64_TO_32_BIT_CONVERSION = YES;
				GCC_WARN_ABOUT_RETURN_TYPE = YES_ERROR;
				GCC_WARN_UNDECLARED_SELECTOR = YES;
				GCC_WARN_UNINITIALIZED_AUTOS = YES_AGGRESSIVE;
				GCC_WARN_UNUSED_FUNCTION = YES;
				GCC_WARN_UNUSED_VARIABLE = YES;
				GENERATE_INFOPLIST_FILE = YES;
				INFOPLIST_KEY_BACKEND_URL = "http://192.168.1.126:8000";
				INFOPLIST_KEY_CFBundleDisplayName = Lilith;
				INFOPLIST_KEY_NSAppTransportSecurity = "[\"NSAllowsArbitraryLoads\": true]";
				INFOPLIST_KEY_NSBluetoothAlwaysUsageDescription = "Lilith uses Bluetooth to discover and connect to nearby devices.";
				INFOPLIST_KEY_NSBluetoothPeripheralUsageDescription = "Lilith uses Bluetooth to create a local mesh communication network.";
				INFOPLIST_KEY_NSCameraUsageDescription = "Lilith needs camera for video calls";
				INFOPLIST_KEY_NSMicrophoneUsageDescription = "Lilith needs microphone for calls";
				INFOPLIST_KEY_NSSpeechRecognitionUsageDescription = "Lilith uses speech recognition to convert your voice into commands.";
				INFOPLIST_KEY_UIApplicationSupportsIndirectInputEvents = YES;
				INFOPLIST_KEY_UILaunchScreen_Generation = YES;
				INFOPLIST_KEY_UIStatusBarStyle = UIStatusBarStyleLightContent;
				INFOPLIST_KEY_UISupportedInterfaceOrientations = (
					UIInterfaceOrientationPortrait,
					UIInterfaceOrientationLandscapeLeft,
					UIInterfaceOrientationLandscapeRight,
				);
				INFOPLIST_KEY_UISupportedInterfaceOrientations_iPad = (
					UIInterfaceOrientationPortrait,
					UIInterfaceOrientationPortraitUpsideDown,
					UIInterfaceOrientationLandscapeLeft,
					UIInterfaceOrientationLandscapeRight,
				);
				IPHONEOS_DEPLOYMENT_TARGET = 17.0;
				MTL_ENABLE_DEBUG_INFO = INCLUDE_SOURCE;
				MTL_FAST_MATH = YES;
				ONLY_ACTIVE_ARCH = YES;
				PRODUCT_NAME = LilithSwiftUI;
				SDKROOT = iphoneos;
				SWIFT_ACTIVE_COMPILATION_CONDITIONS = DEBUG;
				SWIFT_OPTIMIZATION_LEVEL = "-Onone";
				SWIFT_VERSION = 5.0;
			};
			name = Debug;
		};
		46C36578B3A46AF5766EE002 /* Debug */ = {
			isa = XCBuildConfiguration;
			buildSettings = {
				ASSETCATALOG_COMPILER_APPICON_NAME = AppIcon;
				CODE_SIGN_IDENTITY = "iPhone Developer";
				INFOPLIST_KEY_MASTER_EMAIL = "antoniohoshaw6@gmail.com";
				LD_RUNPATH_SEARCH_PATHS = (
					"$(inherited)",
					"@executable_path/Frameworks",
				);
				PRODUCT_BUNDLE_IDENTIFIER = com.omwllc2020.lilith.swiftui;
				SDKROOT = iphoneos;
				SUPPORTS_MACCATALYST = NO;
				TARGETED_DEVICE_FAMILY = "1,2";
			};
			name = Debug;
		};
		4EF2718424542DD21B996D57 /* Release */ = {
			isa = XCBuildConfiguration;
			buildSettings = {
				ALWAYS_SEARCH_USER_PATHS = NO;
				CLANG_ANALYZER_NONNULL = YES;
				CLANG_ANALYZER_NUMBER_OBJECT_CONVERSION = YES_AGGRESSIVE;
				CLANG_CXX_LANGUAGE_STANDARD = "gnu++14";
				CLANG_CXX_LIBRARY = "libc++";
				CLANG_ENABLE_MODULES = YES;
				CLANG_ENABLE_OBJC_ARC = YES;
				CLANG_ENABLE_OBJC_WEAK = YES;
				CLANG_WARN_BLOCK_CAPTURE_AUTORELEASING = YES;
				CLANG_WARN_BOOL_CONVERSION = YES;
				CLANG_WARN_COMMA = YES;
				CLANG_WARN_CONSTANT_CONVERSION = YES;
				CLANG_WARN_DEPRECATED_OBJC_IMPLEMENTATIONS = YES;
				CLANG_WARN_DIRECT_OBJC_ISA_USAGE = YES_ERROR;
				CLANG_WARN_DOCUMENTATION_COMMENTS = YES;
				CLANG_WARN_EMPTY_BODY = YES;
				CLANG_WARN_ENUM_CONVERSION = YES;
				CLANG_WARN_INFINITE_RECURSION = YES;
				CLANG_WARN_INT_CONVERSION = YES;
				CLANG_WARN_NON_LITERAL_NULL_CONVERSION = YES;
				CLANG_WARN_OBJC_IMPLICIT_RETAIN_SELF = YES;
				CLANG_WARN_OBJC_LITERAL_CONVERSION = YES;
				CLANG_WARN_OBJC_ROOT_CLASS = YES_ERROR;
				CLANG_WARN_QUOTED_INCLUDE_IN_FRAMEWORK_HEADER = YES;
				CLANG_WARN_RANGE_LOOP_ANALYSIS = YES;
				CLANG_WARN_STRICT_PROTOTYPES = YES;
				CLANG_WARN_SUSPICIOUS_MOVE = YES;
				CLANG_WARN_UNGUARDED_AVAILABILITY = YES_AGGRESSIVE;
				CLANG_WARN_UNREACHABLE_CODE = YES;
				CLANG_WARN__DUPLICATE_METHOD_MATCH = YES;
				CODE_SIGN_IDENTITY = "Apple Development";
				CODE_SIGN_STYLE = Automatic;
				COPY_PHASE_STRIP = NO;
				DEBUG_INFORMATION_FORMAT = "dwarf-with-dsym";
				DEVELOPMENT_TEAM = 46PM2SB7NF;
				ENABLE_NS_ASSERTIONS = NO;
				ENABLE_STRICT_OBJC_MSGSEND = YES;
				GCC_C_LANGUAGE_STANDARD = gnu11;
				GCC_NO_COMMON_BLOCKS = YES;
				GCC_WARN_64_TO_32_BIT_CONVERSION = YES;
				GCC_WARN_ABOUT_RETURN_TYPE = YES_ERROR;
				GCC_WARN_UNDECLARED_SELECTOR = YES;
				GCC_WARN_UNINITIALIZED_AUTOS = YES_AGGRESSIVE;
				GCC_WARN_UNUSED_FUNCTION = YES;
				GCC_WARN_UNUSED_VARIABLE = YES;
				GENERATE_INFOPLIST_FILE = YES;
				INFOPLIST_KEY_BACKEND_URL = "http://192.168.1.126:8000";
				INFOPLIST_KEY_CFBundleDisplayName = Lilith;
				INFOPLIST_KEY_NSAppTransportSecurity = "[\"NSAllowsArbitraryLoads\": true]";
				INFOPLIST_KEY_NSBluetoothAlwaysUsageDescription = "Lilith uses Bluetooth to discover and connect to nearby devices.";
				INFOPLIST_KEY_NSBluetoothPeripheralUsageDescription = "Lilith uses Bluetooth to create a local mesh communication network.";
				INFOPLIST_KEY_NSCameraUsageDescription = "Lilith needs camera for video calls";
				INFOPLIST_KEY_NSMicrophoneUsageDescription = "Lilith needs microphone for calls";
				INFOPLIST_KEY_NSSpeechRecognitionUsageDescription = "Lilith uses speech recognition to convert your voice into commands.";
				INFOPLIST_KEY_UIApplicationSupportsIndirectInputEvents = YES;
				INFOPLIST_KEY_UILaunchScreen_Generation = YES;
				INFOPLIST_KEY_UIStatusBarStyle = UIStatusBarStyleLightContent;
				INFOPLIST_KEY_UISupportedInterfaceOrientations = (
					UIInterfaceOrientationPortrait,
					UIInterfaceOrientationLandscapeLeft,
					UIInterfaceOrientationLandscapeRight,
				);
				INFOPLIST_KEY_UISupportedInterfaceOrientations_iPad = (
					UIInterfaceOrientationPortrait,
					UIInterfaceOrientationPortraitUpsideDown,
					UIInterfaceOrientationLandscapeLeft,
					UIInterfaceOrientationLandscapeRight,
				);
				IPHONEOS_DEPLOYMENT_TARGET = 17.0;
				MTL_ENABLE_DEBUG_INFO = NO;
				MTL_FAST_MATH = YES;
				PRODUCT_NAME = LilithSwiftUI;
				SDKROOT = iphoneos;
				SWIFT_COMPILATION_MODE = wholemodule;
				SWIFT_OPTIMIZATION_LEVEL = "-O";
				SWIFT_VERSION = 5.0;
			};
			name = Release;
		};
		8B22CF1A85430B0C1425D0D9 /* Release */ = {
			isa = XCBuildConfiguration;
			buildSettings = {
				ASSETCATALOG_COMPILER_APPICON_NAME = AppIcon;
				CODE_SIGN_IDENTITY = "iPhone Developer";
				INFOPLIST_KEY_MASTER_EMAIL = "antoniohoshaw6@gmail.com";
				LD_RUNPATH_SEARCH_PATHS = (
					"$(inherited)",
					"@executable_path/Frameworks",
				);
				PRODUCT_BUNDLE_IDENTIFIER = com.omwllc2020.lilith.swiftui;
				SDKROOT = iphoneos;
				SUPPORTS_MACCATALYST = NO;
				TARGETED_DEVICE_FAMILY = "1,2";
			};
			name = Release;
		};
/* End XCBuildConfiguration section */

/* Begin XCConfigurationList section */
		195051024C11932F8BC20D91 /* Build configuration list for PBXProject "Lilith" */ = {
			isa = XCConfigurationList;
			buildConfigurations = (
				27CD45820125162DDA3FA040 /* Debug */,
				4EF2718424542DD21B996D57 /* Release */,
			);
			defaultConfigurationIsVisible = 0;
			defaultConfigurationName = Debug;
		};
		5E08350DEC0C02EBF3CAB18F /* Build configuration list for PBXNativeTarget "LilithSwiftUI" */ = {
			isa = XCConfigurationList;
			buildConfigurations = (
				46C36578B3A46AF5766EE002 /* Debug */,
				8B22CF1A85430B0C1425D0D9 /* Release */,
			);
			defaultConfigurationIsVisible = 0;
			defaultConfigurationName = Debug;
		};
/* End XCConfigurationList section */
	};
	rootObject = B3EE24C538132EB3055DA8BE /* Project object */;
}
